
Microsoft Visual Studio Solution File, Format Version 12.00
# Visual Studio Version 17
VisualStudioVersion = 17.4.33213.308
MinimumVisualStudioVersion = 10.0.40219.1
Project("{FAE04EC0-301F-11D3-BF4B-00C04F79EFBC}") = "RevitAPITraining_ColumnsCount", "RevitAPITraining_ColumnsCount\RevitAPITraining_ColumnsCount.csproj", "{7155A471-F8EC-4B1D-B397-EB39C80110E9}"
EndProject
Global
	GlobalSection(SolutionConfigurationPlatforms) = preSolution
		Debug|Any CPU = Debug|Any CPU
		Release|Any CPU = Release|Any CPU
	EndGlobalSection
	GlobalSection(ProjectConfigurationPlatforms) = postSolution
		{7155A471-F8EC-4B1D-B397-EB39C80110E9}.Debug|Any CPU.ActiveCfg = Debug|Any CPU
		{7155A471-F8EC-4B1D-B397-EB39C80110E9}.Debug|Any CPU.Build.0 = Debug|Any CPU
		{7155A471-F8EC-4B1D-B397-EB39C80110E9}.Release|Any CPU.ActiveCfg = Release|Any CPU
		{7155A471-F8EC-4B1D-B397-EB39C80110E9}.Release|Any CPU.Build.0 = Release|Any CPU
	EndGlobalSection
	GlobalSection(SolutionProperties) = preSolution
		HideSolutionNode = FALSE
	EndGlobalSection
	GlobalSection(ExtensibilityGlobals) = postSolution
		SolutionGuid = {EF523572-D323-4A0F-86A1-C2935295B818}
	EndGlobalSection
EndGlobal
